
Microsoft Visual Studio Solution File, Format Version 12.00
# Visual Studio Version 17
VisualStudioVersion = 17.3.32825.248
MinimumVisualStudioVersion = 10.0.40219.1
Project("{FAE04EC0-301F-11D3-BF4B-00C04F79EFBC}") = "OpenChurchMinimalAPI", "OpenChurchMinimalAPI\OpenChurchMinimalAPI.csproj", "{B35F3D1E-937E-40A2-B7AB-2D17F9EA0C6F}"
EndProject
Global
	GlobalSection(SolutionConfigurationPlatforms) = preSolution
		Debug|Any CPU = Debug|Any CPU
		Release|Any CPU = Release|Any CPU
	EndGlobalSection
	GlobalSection(ProjectConfigurationPlatforms) = postSolution
		{B35F3D1E-937E-40A2-B7AB-2D17F9EA0C6F}.Debug|Any CPU.ActiveCfg = Debug|Any CPU
		{B35F3D1E-937E-40A2-B7AB-2D17F9EA0C6F}.Debug|Any CPU.Build.0 = Debug|Any CPU
		{B35F3D1E-937E-40A2-B7AB-2D17F9EA0C6F}.Release|Any CPU.ActiveCfg = Release|Any CPU
		{B35F3D1E-937E-40A2-B7AB-2D17F9EA0C6F}.Release|Any CPU.Build.0 = Release|Any CPU
	EndGlobalSection
	GlobalSection(SolutionProperties) = preSolution
		HideSolutionNode = FALSE
	EndGlobalSection
	GlobalSection(ExtensibilityGlobals) = postSolution
		SolutionGuid = {AA9E65C6-DC75-499B-8D74-F3DF73D0A8AE}
	EndGlobalSection
EndGlobal
